{
  "name": "ar-museum-browser-dependencies",
  "lockfileVersion": 3,
  "requires": true,
  "packages": {
    "": {
      "name": "ar-museum-browser-dependencies",
      "dependencies": {
        "i18next": "26.4.1"
      }
    },
    "node_modules/i18next": {
      "version": "26.4.1",
      "resolved": "https://registry.npmjs.org/i18next/-/i18next-26.4.1.tgz",
      "integrity": "sha512-9YbX5E6gd1H+yaOSX3izCsPj5iWXyH7X4oC+iuHHJJw8AeHglzOK5SJf+1CHxaYKYigcea+8jvzSxqYx46YvyA==",
      "funding": [
        {
          "type": "individual",
          "url": "https://www.locize.com/i18next"
        },
        {
          "type": "individual",
          "url": "https://www.i18next.com/how-to/faq#i18next-is-awesome.-how-can-i-support-the-project"
        },
        {
          "type": "individual",
          "url": "https://www.locize.com"
        }
      ],
      "license": "MIT",
      "peerDependencies": {
        "typescript": "^5 || ^6 || ^7"
      },
      "peerDependenciesMeta": {
        "typescript": {
          "optional": true
        }
      }
    }
  }
}
